
Microsoft Visual Studio Solution File, Format Version 12.00
# Visual Studio Version 16
VisualStudioVersion = 16.0.29123.88
MinimumVisualStudioVersion = 10.0.40219.1
Project("{FAE04EC0-301F-11D3-BF4B-00C04F79EFBC}") = "ConcurrencyInDotNet", "ConcurrencyInDotNet\ConcurrencyInDotNet.csproj", "{4A978F85-4ADC-4E8C-AFC3-07B75DF08B68}"
EndProject
Project("{F2A71F9B-5D33-465A-A702-920D77279786}") = "ConcurrencyInDotNetFSharp", "ConcurrencyInDotNetFSharp\ConcurrencyInDotNetFSharp.fsproj", "{BFA21D23-B013-494D-993D-56D7536004AB}"
EndProject
Global
	GlobalSection(SolutionConfigurationPlatforms) = preSolution
		Debug|Any CPU = Debug|Any CPU
		Release|Any CPU = Release|Any CPU
	EndGlobalSection
	GlobalSection(ProjectConfigurationPlatforms) = postSolution
		{4A978F85-4ADC-4E8C-AFC3-07B75DF08B68}.Debug|Any CPU.ActiveCfg = Debug|Any CPU
		{4A978F85-4ADC-4E8C-AFC3-07B75DF08B68}.Debug|Any CPU.Build.0 = Debug|Any CPU
		{4A978F85-4ADC-4E8C-AFC3-07B75DF08B68}.Release|Any CPU.ActiveCfg = Release|Any CPU
		{4A978F85-4ADC-4E8C-AFC3-07B75DF08B68}.Release|Any CPU.Build.0 = Release|Any CPU
		{BFA21D23-B013-494D-993D-56D7536004AB}.Debug|Any CPU.ActiveCfg = Debug|Any CPU
		{BFA21D23-B013-494D-993D-56D7536004AB}.Debug|Any CPU.Build.0 = Debug|Any CPU
		{BFA21D23-B013-494D-993D-56D7536004AB}.Release|Any CPU.ActiveCfg = Release|Any CPU
		{BFA21D23-B013-494D-993D-56D7536004AB}.Release|Any CPU.Build.0 = Release|Any CPU
	EndGlobalSection
	GlobalSection(SolutionProperties) = preSolution
		HideSolutionNode = FALSE
	EndGlobalSection
	GlobalSection(ExtensibilityGlobals) = postSolution
		SolutionGuid = {7F0B0ED7-8913-4DF2-BA82-5B3F28C13416}
	EndGlobalSection
EndGlobal
